// !$*UTF8*$!
{
	archiveVersion = 1;
	classes = {
	};
	objectVersion = 46;
	objects = {

/* Begin PBXBuildFile section */
		6866C3E61BA7710F0080F56A /* array_extra.swift in Sources */ = {isa = PBXBuildFile; fileRef = 6866C3E51BA7710F0080F56A /* array_extra.swift */; settings = {ASSET_TAGS = (); }; };
		6866C3EA1BA84AF50080F56A /* double4_extra.swift in Sources */ = {isa = PBXBuildFile; fileRef = 6866C3E91BA84AF50080F56A /* double4_extra.swift */; settings = {ASSET_TAGS = (); }; };
		6866C3EE1BA86E7C0080F56A /* operators.swift in Sources */ = {isa = PBXBuildFile; fileRef = 6866C3ED1BA86E7C0080F56A /* operators.swift */; settings = {ASSET_TAGS = (); }; };
		687FADAC1BA2140600453203 /* dictionary_extra.swift in Sources */ = {isa = PBXBuildFile; fileRef = 687FADAB1BA2140600453203 /* dictionary_extra.swift */; settings = {ASSET_TAGS = (); }; };
		687FADAE1BA554DA00453203 /* Tetrahedron.swift in Sources */ = {isa = PBXBuildFile; fileRef = 687FADAD1BA554DA00453203 /* Tetrahedron.swift */; settings = {ASSET_TAGS = (); }; };
		687FADB21BA6C11700453203 /* int_extra.swift in Sources */ = {isa = PBXBuildFile; fileRef = 687FADB11BA6C11700453203 /* int_extra.swift */; settings = {ASSET_TAGS = (); }; };
		687FADB41BA6C1BE00453203 /* float_extra.swift in Sources */ = {isa = PBXBuildFile; fileRef = 687FADB31BA6C1BE00453203 /* float_extra.swift */; settings = {ASSET_TAGS = (); }; };
		68BCD7201BAEA78C0007BF8F /* Edge.swift in Sources */ = {isa = PBXBuildFile; fileRef = 68BCD71F1BAEA78C0007BF8F /* Edge.swift */; settings = {ASSET_TAGS = (); }; };
		68BCD7221BB0A8480007BF8F /* TetrahedronMesh.swift in Sources */ = {isa = PBXBuildFile; fileRef = 68BCD7211BB0A8480007BF8F /* TetrahedronMesh.swift */; settings = {ASSET_TAGS = (); }; };
		68C2075D1BA070BA0007937D /* fix3.swift in Sources */ = {isa = PBXBuildFile; fileRef = 68C2075C1BA070BA0007937D /* fix3.swift */; settings = {ASSET_TAGS = (); }; };
		68C207631BA074440007937D /* unique_array.swift in Sources */ = {isa = PBXBuildFile; fileRef = 68C207621BA074440007937D /* unique_array.swift */; settings = {ASSET_TAGS = (); }; };
		68C207651BA09B000007937D /* string_extra.swift in Sources */ = {isa = PBXBuildFile; fileRef = 68C207641BA09B000007937D /* string_extra.swift */; settings = {ASSET_TAGS = (); }; };
		68CAE7301B9E34C2001CB11F /* main.swift in Sources */ = {isa = PBXBuildFile; fileRef = 68CAE72F1B9E34C2001CB11F /* main.swift */; };
		68E39D5E1B9E36ED00FD2C55 /* STLLoader.swift in Sources */ = {isa = PBXBuildFile; fileRef = 68E39D5D1B9E36ED00FD2C55 /* STLLoader.swift */; };
		68E39D601B9E3B4E00FD2C55 /* TriangleMesh.swift in Sources */ = {isa = PBXBuildFile; fileRef = 68E39D5F1B9E3B4E00FD2C55 /* TriangleMesh.swift */; };
		68E39D621B9E3CCB00FD2C55 /* STLASCIIParser.swift in Sources */ = {isa = PBXBuildFile; fileRef = 68E39D611B9E3CCB00FD2C55 /* STLASCIIParser.swift */; };
		68E39D661B9E43E600FD2C55 /* Triangle.swift in Sources */ = {isa = PBXBuildFile; fileRef = 68E39D651B9E43E600FD2C55 /* Triangle.swift */; };
/* End PBXBuildFile section */

/* Begin PBXCopyFilesBuildPhase section */
		68CAE72A1B9E34C2001CB11F /* CopyFiles */ = {
			isa = PBXCopyFilesBuildPhase;
			buildActionMask = 2147483647;
			dstPath = /usr/share/man/man1/;
			dstSubfolderSpec = 0;
			files = (
			);
			runOnlyForDeploymentPostprocessing = 1;
		};
/* End PBXCopyFilesBuildPhase section */

/* Begin PBXFileReference section */
		6866C3E51BA7710F0080F56A /* array_extra.swift */ = {isa = PBXFileReference; fileEncoding = 4; lastKnownFileType = sourcecode.swift; path = array_extra.swift; sourceTree = "<group>"; };
		6866C3E91BA84AF50080F56A /* double4_extra.swift */ = {isa = PBXFileReference; fileEncoding = 4; lastKnownFileType = sourcecode.swift; path = double4_extra.swift; sourceTree = "<group>"; };
		6866C3ED1BA86E7C0080F56A /* operators.swift */ = {isa = PBXFileReference; fileEncoding = 4; lastKnownFileType = sourcecode.swift; path = operators.swift; sourceTree = "<group>"; };
		687FADAB1BA2140600453203 /* dictionary_extra.swift */ = {isa = PBXFileReference; fileEncoding = 4; lastKnownFileType = sourcecode.swift; path = dictionary_extra.swift; sourceTree = "<group>"; };
		687FADAD1BA554DA00453203 /* Tetrahedron.swift */ = {isa = PBXFileReference; fileEncoding = 4; lastKnownFileType = sourcecode.swift; path = Tetrahedron.swift; sourceTree = "<group>"; };
		687FADB11BA6C11700453203 /* int_extra.swift */ = {isa = PBXFileReference; fileEncoding = 4; lastKnownFileType = sourcecode.swift; path = int_extra.swift; sourceTree = "<group>"; };
		687FADB31BA6C1BE00453203 /* float_extra.swift */ = {isa = PBXFileReference; fileEncoding = 4; lastKnownFileType = sourcecode.swift; path = float_extra.swift; sourceTree = "<group>"; };
		68BCD71F1BAEA78C0007BF8F /* Edge.swift */ = {isa = PBXFileReference; fileEncoding = 4; lastKnownFileType = sourcecode.swift; path = Edge.swift; sourceTree = "<group>"; };
		68BCD7211BB0A8480007BF8F /* TetrahedronMesh.swift */ = {isa = PBXFileReference; fileEncoding = 4; lastKnownFileType = sourcecode.swift; path = TetrahedronMesh.swift; sourceTree = "<group>"; };
		68C2075C1BA070BA0007937D /* fix3.swift */ = {isa = PBXFileReference; fileEncoding = 4; lastKnownFileType = sourcecode.swift; path = fix3.swift; sourceTree = "<group>"; };
		68C207621BA074440007937D /* unique_array.swift */ = {isa = PBXFileReference; fileEncoding = 4; lastKnownFileType = sourcecode.swift; path = unique_array.swift; sourceTree = "<group>"; };
		68C207641BA09B000007937D /* string_extra.swift */ = {isa = PBXFileReference; fileEncoding = 4; lastKnownFileType = sourcecode.swift; path = string_extra.swift; sourceTree = "<group>"; };
		68CAE72C1B9E34C2001CB11F /* DimensionsCAM */ = {isa = PBXFileReference; explicitFileType = "compiled.mach-o.executable"; includeInIndex = 0; path = DimensionsCAM; sourceTree = BUILT_PRODUCTS_DIR; };
		68CAE72F1B9E34C2001CB11F /* main.swift */ = {isa = PBXFileReference; lastKnownFileType = sourcecode.swift; path = main.swift; sourceTree = "<group>"; };
		68E39D5D1B9E36ED00FD2C55 /* STLLoader.swift */ = {isa = PBXFileReference; fileEncoding = 4; lastKnownFileType = sourcecode.swift; path = STLLoader.swift; sourceTree = "<group>"; };
		68E39D5F1B9E3B4E00FD2C55 /* TriangleMesh.swift */ = {isa = PBXFileReference; fileEncoding = 4; lastKnownFileType = sourcecode.swift; path = TriangleMesh.swift; sourceTree = "<group>"; };
		68E39D611B9E3CCB00FD2C55 /* STLASCIIParser.swift */ = {isa = PBXFileReference; fileEncoding = 4; lastKnownFileType = sourcecode.swift; path = STLASCIIParser.swift; sourceTree = "<group>"; };
		68E39D651B9E43E600FD2C55 /* Triangle.swift */ = {isa = PBXFileReference; fileEncoding = 4; lastKnownFileType = sourcecode.swift; path = Triangle.swift; sourceTree = "<group>"; };
/* End PBXFileReference section */

/* Begin PBXFrameworksBuildPhase section */
		68CAE7291B9E34C2001CB11F /* Frameworks */ = {
			isa = PBXFrameworksBuildPhase;
			buildActionMask = 2147483647;
			files = (
			);
			runOnlyForDeploymentPostprocessing = 0;
		};
/* End PBXFrameworksBuildPhase section */

/* Begin PBXGroup section */
		68CAE7231B9E34C2001CB11F = {
			isa = PBXGroup;
			children = (
				68CAE72E1B9E34C2001CB11F /* DimensionsCAM */,
				68CAE72D1B9E34C2001CB11F /* Products */,
			);
			sourceTree = "<group>";
		};
		68CAE72D1B9E34C2001CB11F /* Products */ = {
			isa = PBXGroup;
			children = (
				68CAE72C1B9E34C2001CB11F /* DimensionsCAM */,
			);
			name = Products;
			sourceTree = "<group>";
		};
		68CAE72E1B9E34C2001CB11F /* DimensionsCAM */ = {
			isa = PBXGroup;
			children = (
				68DAB6CE1B9F7C52008BA6F6 /* SimpleTypes */,
				68E39D641B9E3E2200FD2C55 /* Model */,
				68E39D631B9E3E0B00FD2C55 /* STL */,
				68CAE72F1B9E34C2001CB11F /* main.swift */,
			);
			path = DimensionsCAM;
			sourceTree = "<group>";
		};
		68DAB6CE1B9F7C52008BA6F6 /* SimpleTypes */ = {
			isa = PBXGroup;
			children = (
				6866C3ED1BA86E7C0080F56A /* operators.swift */,
				687FADB31BA6C1BE00453203 /* float_extra.swift */,
				687FADB11BA6C11700453203 /* int_extra.swift */,
				68C207641BA09B000007937D /* string_extra.swift */,
				687FADAB1BA2140600453203 /* dictionary_extra.swift */,
				68C2075C1BA070BA0007937D /* fix3.swift */,
				68C207621BA074440007937D /* unique_array.swift */,
				6866C3E51BA7710F0080F56A /* array_extra.swift */,
				6866C3E91BA84AF50080F56A /* double4_extra.swift */,
			);
			name = SimpleTypes;
			sourceTree = "<group>";
		};
		68E39D631B9E3E0B00FD2C55 /* STL */ = {
			isa = PBXGroup;
			children = (
				68E39D5D1B9E36ED00FD2C55 /* STLLoader.swift */,
				68E39D611B9E3CCB00FD2C55 /* STLASCIIParser.swift */,
			);
			name = STL;
			sourceTree = "<group>";
		};
		68E39D641B9E3E2200FD2C55 /* Model */ = {
			isa = PBXGroup;
			children = (
				68E39D5F1B9E3B4E00FD2C55 /* TriangleMesh.swift */,
				68BCD7211BB0A8480007BF8F /* TetrahedronMesh.swift */,
				68E39D651B9E43E600FD2C55 /* Triangle.swift */,
				687FADAD1BA554DA00453203 /* Tetrahedron.swift */,
				68BCD71F1BAEA78C0007BF8F /* Edge.swift */,
			);
			name = Model;
			sourceTree = "<group>";
		};
/* End PBXGroup section */

/* Begin PBXNativeTarget section */
		68CAE72B1B9E34C2001CB11F /* DimensionsCAM */ = {
			isa = PBXNativeTarget;
			buildConfigurationList = 68CAE7331B9E34C2001CB11F /* Build configuration list for PBXNativeTarget "DimensionsCAM" */;
			buildPhases = (
				68CAE7281B9E34C2001CB11F /* Sources */,
				68CAE7291B9E34C2001CB11F /* Frameworks */,
				68CAE72A1B9E34C2001CB11F /* CopyFiles */,
			);
			buildRules = (
			);
			dependencies = (
			);
			name = DimensionsCAM;
			productName = DimensionsCAM;
			productReference = 68CAE72C1B9E34C2001CB11F /* DimensionsCAM */;
			productType = "com.apple.product-type.tool";
		};
/* End PBXNativeTarget section */

/* Begin PBXProject section */
		68CAE7241B9E34C2001CB11F /* Project object */ = {
			isa = PBXProject;
			attributes = {
				LastUpgradeCheck = 0700;
				ORGANIZATIONNAME = VOSGAMES;
				TargetAttributes = {
					68CAE72B1B9E34C2001CB11F = {
						CreatedOnToolsVersion = 7.0;
					};
				};
			};
			buildConfigurationList = 68CAE7271B9E34C2001CB11F /* Build configuration list for PBXProject "DimensionsCAM" */;
			compatibilityVersion = "Xcode 3.2";
			developmentRegion = English;
			hasScannedForEncodings = 0;
			knownRegions = (
				en,
			);
			mainGroup = 68CAE7231B9E34C2001CB11F;
			productRefGroup = 68CAE72D1B9E34C2001CB11F /* Products */;
			projectDirPath = "";
			projectRoot = "";
			targets = (
				68CAE72B1B9E34C2001CB11F /* DimensionsCAM */,
			);
		};
/* End PBXProject section */

/* Begin PBXSourcesBuildPhase section */
		68CAE7281B9E34C2001CB11F /* Sources */ = {
			isa = PBXSourcesBuildPhase;
			buildActionMask = 2147483647;
			files = (
				68C207631BA074440007937D /* unique_array.swift in Sources */,
				68E39D621B9E3CCB00FD2C55 /* STLASCIIParser.swift in Sources */,
				687FADB21BA6C11700453203 /* int_extra.swift in Sources */,
				687FADAC1BA2140600453203 /* dictionary_extra.swift in Sources */,
				6866C3EE1BA86E7C0080F56A /* operators.swift in Sources */,
				68CAE7301B9E34C2001CB11F /* main.swift in Sources */,
				68E39D661B9E43E600FD2C55 /* Triangle.swift in Sources */,
				68E39D5E1B9E36ED00FD2C55 /* STLLoader.swift in Sources */,
				68BCD7201BAEA78C0007BF8F /* Edge.swift in Sources */,
				68E39D601B9E3B4E00FD2C55 /* TriangleMesh.swift in Sources */,
				687FADB41BA6C1BE00453203 /* float_extra.swift in Sources */,
				687FADAE1BA554DA00453203 /* Tetrahedron.swift in Sources */,
				68C2075D1BA070BA0007937D /* fix3.swift in Sources */,
				68C207651BA09B000007937D /* string_extra.swift in Sources */,
				6866C3EA1BA84AF50080F56A /* double4_extra.swift in Sources */,
				68BCD7221BB0A8480007BF8F /* TetrahedronMesh.swift in Sources */,
				6866C3E61BA7710F0080F56A /* array_extra.swift in Sources */,
			);
			runOnlyForDeploymentPostprocessing = 0;
		};
/* End PBXSourcesBuildPhase section */

/* Begin XCBuildConfiguration section */
		68CAE7311B9E34C2001CB11F /* Debug */ = {
			isa = XCBuildConfiguration;
			buildSettings = {
				ALWAYS_SEARCH_USER_PATHS = NO;
				CLANG_CXX_LANGUAGE_STANDARD = "gnu++0x";
				CLANG_CXX_LIBRARY = "libc++";
				CLANG_ENABLE_MODULES = YES;
				CLANG_ENABLE_OBJC_ARC = YES;
				CLANG_WARN_BOOL_CONVERSION = YES;
				CLANG_WARN_CONSTANT_CONVERSION = YES;
				CLANG_WARN_DIRECT_OBJC_ISA_USAGE = YES_ERROR;
				CLANG_WARN_EMPTY_BODY = YES;
				CLANG_WARN_ENUM_CONVERSION = YES;
				CLANG_WARN_INT_CONVERSION = YES;
				CLANG_WARN_OBJC_ROOT_CLASS = YES_ERROR;
				CLANG_WARN_UNREACHABLE_CODE = YES;
				CLANG_WARN__DUPLICATE_METHOD_MATCH = YES;
				COPY_PHASE_STRIP = NO;
				DEBUG_INFORMATION_FORMAT = dwarf;
				ENABLE_STRICT_OBJC_MSGSEND = YES;
				ENABLE_TESTABILITY = YES;
				GCC_C_LANGUAGE_STANDARD = gnu99;
				GCC_DYNAMIC_NO_PIC = NO;
				GCC_NO_COMMON_BLOCKS = YES;
				GCC_OPTIMIZATION_LEVEL = 0;
				GCC_PREPROCESSOR_DEFINITIONS = (
					"DEBUG=1",
					"$(inherited)",
				);
				GCC_WARN_64_TO_32_BIT_CONVERSION = YES;
				GCC_WARN_ABOUT_RETURN_TYPE = YES_ERROR;
				GCC_WARN_UNDECLARED_SELECTOR = YES;
				GCC_WARN_UNINITIALIZED_AUTOS = YES_AGGRESSIVE;
				GCC_WARN_UNUSED_FUNCTION = YES;
				GCC_WARN_UNUSED_VARIABLE = YES;
				MACOSX_DEPLOYMENT_TARGET = 10.11;
				MTL_ENABLE_DEBUG_INFO = YES;
				ONLY_ACTIVE_ARCH = YES;
				SDKROOT = macosx;
				SWIFT_OPTIMIZATION_LEVEL = "-Onone";
			};
			name = Debug;
		};
		68CAE7321B9E34C2001CB11F /* Release */ = {
			isa = XCBuildConfiguration;
			buildSettings = {
				ALWAYS_SEARCH_USER_PATHS = NO;
				CLANG_CXX_LANGUAGE_STANDARD = "gnu++0x";
				CLANG_CXX_LIBRARY = "libc++";
				CLANG_ENABLE_MODULES = YES;
				CLANG_ENABLE_OBJC_ARC = YES;
				CLANG_WARN_BOOL_CONVERSION = YES;
				CLANG_WARN_CONSTANT_CONVERSION = YES;
				CLANG_WARN_DIRECT_OBJC_ISA_USAGE = YES_ERROR;
				CLANG_WARN_EMPTY_BODY = YES;
				CLANG_WARN_ENUM_CONVERSION = YES;
				CLANG_WARN_INT_CONVERSION = YES;
				CLANG_WARN_OBJC_ROOT_CLASS = YES_ERROR;
				CLANG_WARN_UNREACHABLE_CODE = YES;
				CLANG_WARN__DUPLICATE_METHOD_MATCH = YES;
				COPY_PHASE_STRIP = NO;
				DEBUG_INFORMATION_FORMAT = "dwarf-with-dsym";
				ENABLE_NS_ASSERTIONS = NO;
				ENABLE_STRICT_OBJC_MSGSEND = YES;
				GCC_C_LANGUAGE_STANDARD = gnu99;
				GCC_NO_COMMON_BLOCKS = YES;
				GCC_WARN_64_TO_32_BIT_CONVERSION = YES;
				GCC_WARN_ABOUT_RETURN_TYPE = YES_ERROR;
				GCC_WARN_UNDECLARED_SELECTOR = YES;
				GCC_WARN_UNINITIALIZED_AUTOS = YES_AGGRESSIVE;
				GCC_WARN_UNUSED_FUNCTION = YES;
				GCC_WARN_UNUSED_VARIABLE = YES;
				MACOSX_DEPLOYMENT_TARGET = 10.11;
				MTL_ENABLE_DEBUG_INFO = NO;
				SDKROOT = macosx;
			};
			name = Release;
		};
		68CAE7341B9E34C2001CB11F /* Debug */ = {
			isa = XCBuildConfiguration;
			buildSettings = {
				PRODUCT_NAME = "$(TARGET_NAME)";
			};
			name = Debug;
		};
		68CAE7351B9E34C2001CB11F /* Release */ = {
			isa = XCBuildConfiguration;
			buildSettings = {
				PRODUCT_NAME = "$(TARGET_NAME)";
			};
			name = Release;
		};
/* End XCBuildConfiguration section */

/* Begin XCConfigurationList section */
		68CAE7271B9E34C2001CB11F /* Build configuration list for PBXProject "DimensionsCAM" */ = {
			isa = XCConfigurationList;
			buildConfigurations = (
				68CAE7311B9E34C2001CB11F /* Debug */,
				68CAE7321B9E34C2001CB11F /* Release */,
			);
			defaultConfigurationIsVisible = 0;
			defaultConfigurationName = Release;
		};
		68CAE7331B9E34C2001CB11F /* Build configuration list for PBXNativeTarget "DimensionsCAM" */ = {
			isa = XCConfigurationList;
			buildConfigurations = (
				68CAE7341B9E34C2001CB11F /* Debug */,
				68CAE7351B9E34C2001CB11F /* Release */,
			);
			defaultConfigurationIsVisible = 0;
			defaultConfigurationName = Release;
		};
/* End XCConfigurationList section */
	};
	rootObject = 68CAE7241B9E34C2001CB11F /* Project object */;
}
