// !$*UTF8*$!
{
	archiveVersion = 1;
	classes = {
	};
	objectVersion = 46;
	objects = {

/* Begin PBXBuildFile section */
		683E9DE71BDB05450054E87D /* CSG_tests.swift in Sources */ = {isa = PBXBuildFile; fileRef = 683E9DE41BDAEC9E0054E87D /* CSG_tests.swift */; };
		683E9DEB1BDB0AE10054E87D /* operators.swift in Sources */ = {isa = PBXBuildFile; fileRef = 6866C3ED1BA86E7C0080F56A /* operators.swift */; };
		683E9DEC1BDB0AE10054E87D /* protocols.swift in Sources */ = {isa = PBXBuildFile; fileRef = 68EAC2D71BBB139D00E1D855 /* protocols.swift */; };
		683E9DED1BDB0AE10054E87D /* double_extra.swift in Sources */ = {isa = PBXBuildFile; fileRef = 687FADB31BA6C1BE00453203 /* double_extra.swift */; };
		683E9DEE1BDB0AE10054E87D /* double2_extra.swift in Sources */ = {isa = PBXBuildFile; fileRef = 68EAC2C31BB9A9D900E1D855 /* double2_extra.swift */; };
		683E9DEF1BDB0AE10054E87D /* int_extra.swift in Sources */ = {isa = PBXBuildFile; fileRef = 687FADB11BA6C11700453203 /* int_extra.swift */; };
		683E9DF01BDB0AE10054E87D /* string_extra.swift in Sources */ = {isa = PBXBuildFile; fileRef = 68C207641BA09B000007937D /* string_extra.swift */; };
		683E9DF11BDB0AE10054E87D /* CollectionType_extra.swift in Sources */ = {isa = PBXBuildFile; fileRef = 68EAC2D51BBB136F00E1D855 /* CollectionType_extra.swift */; };
		683E9DF21BDB0AE10054E87D /* functions.swift in Sources */ = {isa = PBXBuildFile; fileRef = 68BCD7251BB2768F0007BF8F /* functions.swift */; };
		683E9DF31BDB0AE10054E87D /* dictionary_extra.swift in Sources */ = {isa = PBXBuildFile; fileRef = 687FADAB1BA2140600453203 /* dictionary_extra.swift */; };
		683E9DF41BDB0AE10054E87D /* unique_array.swift in Sources */ = {isa = PBXBuildFile; fileRef = 68C207621BA074440007937D /* unique_array.swift */; };
		683E9DF51BDB0AE10054E87D /* CSet.swift in Sources */ = {isa = PBXBuildFile; fileRef = 68EAC2B41BB722E500E1D855 /* CSet.swift */; };
		683E9DF61BDB0AE10054E87D /* Interval.swift in Sources */ = {isa = PBXBuildFile; fileRef = 68EAC2C11BB9A2B200E1D855 /* Interval.swift */; };
		683E9DF71BDB0AE10054E87D /* interval4.swift in Sources */ = {isa = PBXBuildFile; fileRef = 6877AAFC1BC02CEF00E6D80F /* interval4.swift */; };
		683E9DF81BDB0AE10054E87D /* double4_extra.swift in Sources */ = {isa = PBXBuildFile; fileRef = 6877AAFE1BC0386500E6D80F /* double4_extra.swift */; };
		683E9DF91BDB0AE10054E87D /* double4x4_extra.swift in Sources */ = {isa = PBXBuildFile; fileRef = 6877AB001BC03E4600E6D80F /* double4x4_extra.swift */; };
		683E9DFA1BDB0AF80054E87D /* CSGMatch.swift in Sources */ = {isa = PBXBuildFile; fileRef = 68EAC2B91BB8911800E1D855 /* CSGMatch.swift */; };
		683E9DFB1BDB0AF80054E87D /* CSGObject.swift in Sources */ = {isa = PBXBuildFile; fileRef = 68EAC2B71BB8909200E1D855 /* CSGObject.swift */; };
		683E9DFC1BDB0AF80054E87D /* CSGPrimative.swift in Sources */ = {isa = PBXBuildFile; fileRef = 68EAC2BD1BB8A55500E1D855 /* CSGPrimative.swift */; };
		683E9DFD1BDB0AF80054E87D /* CSGCube.swift in Sources */ = {isa = PBXBuildFile; fileRef = 68824B661BD521F6005E1FCD /* CSGCube.swift */; };
		683E9DFE1BDB0AF80054E87D /* CSGSphere.swift in Sources */ = {isa = PBXBuildFile; fileRef = 68824B691BD529EB005E1FCD /* CSGSphere.swift */; };
		683E9DFF1BDB0AF80054E87D /* CSGCylinder.swift in Sources */ = {isa = PBXBuildFile; fileRef = 68824B6E1BD52B99005E1FCD /* CSGCylinder.swift */; };
		683E9E001BDB0AF80054E87D /* CSGOperation.swift in Sources */ = {isa = PBXBuildFile; fileRef = 68824B5A1BD43E46005E1FCD /* CSGOperation.swift */; };
		683E9E011BDB0AF80054E87D /* CSGUnion.swift in Sources */ = {isa = PBXBuildFile; fileRef = 68824B5D1BD43EB0005E1FCD /* CSGUnion.swift */; };
		683E9E021BDB0AF80054E87D /* CSGIntersection.swift in Sources */ = {isa = PBXBuildFile; fileRef = 68824B601BD43EC9005E1FCD /* CSGIntersection.swift */; };
		683E9E031BDB0AF80054E87D /* CSGDifference.swift in Sources */ = {isa = PBXBuildFile; fileRef = 68824B631BD43EE9005E1FCD /* CSGDifference.swift */; };
		683E9E041BDB0AF80054E87D /* Voxel.swift in Sources */ = {isa = PBXBuildFile; fileRef = 68824B771BD53FA0005E1FCD /* Voxel.swift */; };
		683E9E051BDB0AF80054E87D /* OpenSCADCSGError.swift in Sources */ = {isa = PBXBuildFile; fileRef = 68BB68AD1BD135E40059E84F /* OpenSCADCSGError.swift */; };
		683E9E061BDB0AF80054E87D /* OpenSCADCSGToken.swift in Sources */ = {isa = PBXBuildFile; fileRef = 68BB68B01BD1360E0059E84F /* OpenSCADCSGToken.swift */; };
		683E9E071BDB0AF80054E87D /* OpenSCADCSGAST.swift in Sources */ = {isa = PBXBuildFile; fileRef = 68BB68B31BD136450059E84F /* OpenSCADCSGAST.swift */; };
		683E9E081BDB0AF80054E87D /* OpenSCADCSGLexer.swift in Sources */ = {isa = PBXBuildFile; fileRef = 6877AB021BC07A6E00E6D80F /* OpenSCADCSGLexer.swift */; };
		683E9E091BDB0AF80054E87D /* OpenSCADCSGGrammar.swift in Sources */ = {isa = PBXBuildFile; fileRef = 68BE79261BC716BA00DEFE81 /* OpenSCADCSGGrammar.swift */; };
		683E9E0A1BDB0AF80054E87D /* OpenSCADCSGParser.swift in Sources */ = {isa = PBXBuildFile; fileRef = 6877AB0D1BC1332500E6D80F /* OpenSCADCSGParser.swift */; };
		683E9E0E1BDD0CBB0054E87D /* BOILERPLATE in Resources */ = {isa = PBXBuildFile; fileRef = 683E9E0D1BDD0CBB0054E87D /* BOILERPLATE */; };
		683E9E101BDD0F9A0054E87D /* TODO.md in Sources */ = {isa = PBXBuildFile; fileRef = 683E9E0F1BDD0F9A0054E87D /* TODO.md */; };
		683E9E111BDD0F9A0054E87D /* TODO.md in Sources */ = {isa = PBXBuildFile; fileRef = 683E9E0F1BDD0F9A0054E87D /* TODO.md */; };
		683E9E131BDD17DE0054E87D /* AUTHORS in Resources */ = {isa = PBXBuildFile; fileRef = 683E9E121BDD17DE0054E87D /* AUTHORS */; };
		6866C3EE1BA86E7C0080F56A /* operators.swift in Sources */ = {isa = PBXBuildFile; fileRef = 6866C3ED1BA86E7C0080F56A /* operators.swift */; };
		6877AAFD1BC02CEF00E6D80F /* interval4.swift in Sources */ = {isa = PBXBuildFile; fileRef = 6877AAFC1BC02CEF00E6D80F /* interval4.swift */; };
		6877AAFF1BC0386500E6D80F /* double4_extra.swift in Sources */ = {isa = PBXBuildFile; fileRef = 6877AAFE1BC0386500E6D80F /* double4_extra.swift */; };
		6877AB011BC03E4600E6D80F /* double4x4_extra.swift in Sources */ = {isa = PBXBuildFile; fileRef = 6877AB001BC03E4600E6D80F /* double4x4_extra.swift */; };
		6877AB031BC07A6E00E6D80F /* OpenSCADCSGLexer.swift in Sources */ = {isa = PBXBuildFile; fileRef = 6877AB021BC07A6E00E6D80F /* OpenSCADCSGLexer.swift */; };
		6877AB071BC1188800E6D80F /* OpenSCADCSG_tests.swift in Sources */ = {isa = PBXBuildFile; fileRef = 6877AB051BC117FD00E6D80F /* OpenSCADCSG_tests.swift */; };
		6877AB0E1BC1332500E6D80F /* OpenSCADCSGParser.swift in Sources */ = {isa = PBXBuildFile; fileRef = 6877AB0D1BC1332500E6D80F /* OpenSCADCSGParser.swift */; };
		687FADAC1BA2140600453203 /* dictionary_extra.swift in Sources */ = {isa = PBXBuildFile; fileRef = 687FADAB1BA2140600453203 /* dictionary_extra.swift */; };
		687FADB21BA6C11700453203 /* int_extra.swift in Sources */ = {isa = PBXBuildFile; fileRef = 687FADB11BA6C11700453203 /* int_extra.swift */; };
		687FADB41BA6C1BE00453203 /* double_extra.swift in Sources */ = {isa = PBXBuildFile; fileRef = 687FADB31BA6C1BE00453203 /* double_extra.swift */; };
		68824B5B1BD43E46005E1FCD /* CSGOperation.swift in Sources */ = {isa = PBXBuildFile; fileRef = 68824B5A1BD43E46005E1FCD /* CSGOperation.swift */; };
		68824B5E1BD43EB0005E1FCD /* CSGUnion.swift in Sources */ = {isa = PBXBuildFile; fileRef = 68824B5D1BD43EB0005E1FCD /* CSGUnion.swift */; };
		68824B611BD43EC9005E1FCD /* CSGIntersection.swift in Sources */ = {isa = PBXBuildFile; fileRef = 68824B601BD43EC9005E1FCD /* CSGIntersection.swift */; };
		68824B641BD43EE9005E1FCD /* CSGDifference.swift in Sources */ = {isa = PBXBuildFile; fileRef = 68824B631BD43EE9005E1FCD /* CSGDifference.swift */; };
		68824B671BD521F6005E1FCD /* CSGCube.swift in Sources */ = {isa = PBXBuildFile; fileRef = 68824B661BD521F6005E1FCD /* CSGCube.swift */; };
		68824B6A1BD529EB005E1FCD /* CSGSphere.swift in Sources */ = {isa = PBXBuildFile; fileRef = 68824B691BD529EB005E1FCD /* CSGSphere.swift */; };
		68824B6F1BD52B99005E1FCD /* CSGCylinder.swift in Sources */ = {isa = PBXBuildFile; fileRef = 68824B6E1BD52B99005E1FCD /* CSGCylinder.swift */; };
		68824B781BD53FA0005E1FCD /* Voxel.swift in Sources */ = {isa = PBXBuildFile; fileRef = 68824B771BD53FA0005E1FCD /* Voxel.swift */; };
		68BB68AE1BD135E40059E84F /* OpenSCADCSGError.swift in Sources */ = {isa = PBXBuildFile; fileRef = 68BB68AD1BD135E40059E84F /* OpenSCADCSGError.swift */; };
		68BB68B11BD1360E0059E84F /* OpenSCADCSGToken.swift in Sources */ = {isa = PBXBuildFile; fileRef = 68BB68B01BD1360E0059E84F /* OpenSCADCSGToken.swift */; };
		68BB68B41BD136450059E84F /* OpenSCADCSGAST.swift in Sources */ = {isa = PBXBuildFile; fileRef = 68BB68B31BD136450059E84F /* OpenSCADCSGAST.swift */; };
		68BCD7261BB2768F0007BF8F /* functions.swift in Sources */ = {isa = PBXBuildFile; fileRef = 68BCD7251BB2768F0007BF8F /* functions.swift */; };
		68BE79271BC716BA00DEFE81 /* OpenSCADCSGGrammar.swift in Sources */ = {isa = PBXBuildFile; fileRef = 68BE79261BC716BA00DEFE81 /* OpenSCADCSGGrammar.swift */; };
		68C207631BA074440007937D /* unique_array.swift in Sources */ = {isa = PBXBuildFile; fileRef = 68C207621BA074440007937D /* unique_array.swift */; };
		68C207651BA09B000007937D /* string_extra.swift in Sources */ = {isa = PBXBuildFile; fileRef = 68C207641BA09B000007937D /* string_extra.swift */; };
		68CAE7301B9E34C2001CB11F /* main.swift in Sources */ = {isa = PBXBuildFile; fileRef = 68CAE72F1B9E34C2001CB11F /* main.swift */; };
		68EAC2B51BB722E500E1D855 /* CSet.swift in Sources */ = {isa = PBXBuildFile; fileRef = 68EAC2B41BB722E500E1D855 /* CSet.swift */; };
		68EAC2B81BB8909200E1D855 /* CSGObject.swift in Sources */ = {isa = PBXBuildFile; fileRef = 68EAC2B71BB8909200E1D855 /* CSGObject.swift */; };
		68EAC2BA1BB8911800E1D855 /* CSGMatch.swift in Sources */ = {isa = PBXBuildFile; fileRef = 68EAC2B91BB8911800E1D855 /* CSGMatch.swift */; };
		68EAC2BE1BB8A55500E1D855 /* CSGPrimative.swift in Sources */ = {isa = PBXBuildFile; fileRef = 68EAC2BD1BB8A55500E1D855 /* CSGPrimative.swift */; };
		68EAC2C21BB9A2B200E1D855 /* Interval.swift in Sources */ = {isa = PBXBuildFile; fileRef = 68EAC2C11BB9A2B200E1D855 /* Interval.swift */; };
		68EAC2C41BB9A9D900E1D855 /* double2_extra.swift in Sources */ = {isa = PBXBuildFile; fileRef = 68EAC2C31BB9A9D900E1D855 /* double2_extra.swift */; };
		68EAC2D21BBB111C00E1D855 /* Interval_tests.swift in Sources */ = {isa = PBXBuildFile; fileRef = 68EAC2D11BBB111C00E1D855 /* Interval_tests.swift */; };
		68EAC2D61BBB136F00E1D855 /* CollectionType_extra.swift in Sources */ = {isa = PBXBuildFile; fileRef = 68EAC2D51BBB136F00E1D855 /* CollectionType_extra.swift */; };
		68EAC2D81BBB139D00E1D855 /* protocols.swift in Sources */ = {isa = PBXBuildFile; fileRef = 68EAC2D71BBB139D00E1D855 /* protocols.swift */; };
/* End PBXBuildFile section */

/* Begin PBXCopyFilesBuildPhase section */
		68CAE72A1B9E34C2001CB11F /* CopyFiles */ = {
			isa = PBXCopyFilesBuildPhase;
			buildActionMask = 2147483647;
			dstPath = /usr/share/man/man1/;
			dstSubfolderSpec = 0;
			files = (
			);
			runOnlyForDeploymentPostprocessing = 1;
		};
/* End PBXCopyFilesBuildPhase section */

/* Begin PBXFileReference section */
		683E9DE41BDAEC9E0054E87D /* CSG_tests.swift */ = {isa = PBXFileReference; fileEncoding = 4; lastKnownFileType = sourcecode.swift; path = CSG_tests.swift; sourceTree = "<group>"; };
		683E9E0B1BDD0C720054E87D /* COPYING */ = {isa = PBXFileReference; fileEncoding = 4; lastKnownFileType = text; path = COPYING; sourceTree = SOURCE_ROOT; };
		683E9E0D1BDD0CBB0054E87D /* BOILERPLATE */ = {isa = PBXFileReference; fileEncoding = 4; lastKnownFileType = text; path = BOILERPLATE; sourceTree = SOURCE_ROOT; };
		683E9E0F1BDD0F9A0054E87D /* TODO.md */ = {isa = PBXFileReference; fileEncoding = 4; lastKnownFileType = net.daringfireball.markdown; path = TODO.md; sourceTree = SOURCE_ROOT; };
		683E9E121BDD17DE0054E87D /* AUTHORS */ = {isa = PBXFileReference; fileEncoding = 4; lastKnownFileType = text; path = AUTHORS; sourceTree = SOURCE_ROOT; };
		6866C3ED1BA86E7C0080F56A /* operators.swift */ = {isa = PBXFileReference; fileEncoding = 4; lastKnownFileType = sourcecode.swift; path = operators.swift; sourceTree = "<group>"; };
		6877AAFC1BC02CEF00E6D80F /* interval4.swift */ = {isa = PBXFileReference; fileEncoding = 4; lastKnownFileType = sourcecode.swift; path = interval4.swift; sourceTree = "<group>"; };
		6877AAFE1BC0386500E6D80F /* double4_extra.swift */ = {isa = PBXFileReference; fileEncoding = 4; lastKnownFileType = sourcecode.swift; path = double4_extra.swift; sourceTree = "<group>"; };
		6877AB001BC03E4600E6D80F /* double4x4_extra.swift */ = {isa = PBXFileReference; fileEncoding = 4; lastKnownFileType = sourcecode.swift; path = double4x4_extra.swift; sourceTree = "<group>"; };
		6877AB021BC07A6E00E6D80F /* OpenSCADCSGLexer.swift */ = {isa = PBXFileReference; fileEncoding = 4; lastKnownFileType = sourcecode.swift; path = OpenSCADCSGLexer.swift; sourceTree = "<group>"; };
		6877AB051BC117FD00E6D80F /* OpenSCADCSG_tests.swift */ = {isa = PBXFileReference; fileEncoding = 4; lastKnownFileType = sourcecode.swift; path = OpenSCADCSG_tests.swift; sourceTree = "<group>"; };
		6877AB0D1BC1332500E6D80F /* OpenSCADCSGParser.swift */ = {isa = PBXFileReference; fileEncoding = 4; lastKnownFileType = sourcecode.swift; path = OpenSCADCSGParser.swift; sourceTree = "<group>"; };
		687FADAB1BA2140600453203 /* dictionary_extra.swift */ = {isa = PBXFileReference; fileEncoding = 4; lastKnownFileType = sourcecode.swift; path = dictionary_extra.swift; sourceTree = "<group>"; };
		687FADAD1BA554DA00453203 /* Tetrahedron.swift */ = {isa = PBXFileReference; fileEncoding = 4; lastKnownFileType = sourcecode.swift; path = Tetrahedron.swift; sourceTree = "<group>"; };
		687FADB11BA6C11700453203 /* int_extra.swift */ = {isa = PBXFileReference; fileEncoding = 4; lastKnownFileType = sourcecode.swift; path = int_extra.swift; sourceTree = "<group>"; };
		687FADB31BA6C1BE00453203 /* double_extra.swift */ = {isa = PBXFileReference; fileEncoding = 4; lastKnownFileType = sourcecode.swift; path = double_extra.swift; sourceTree = "<group>"; };
		68824B5A1BD43E46005E1FCD /* CSGOperation.swift */ = {isa = PBXFileReference; fileEncoding = 4; lastKnownFileType = sourcecode.swift; path = CSGOperation.swift; sourceTree = "<group>"; };
		68824B5D1BD43EB0005E1FCD /* CSGUnion.swift */ = {isa = PBXFileReference; fileEncoding = 4; lastKnownFileType = sourcecode.swift; path = CSGUnion.swift; sourceTree = "<group>"; };
		68824B601BD43EC9005E1FCD /* CSGIntersection.swift */ = {isa = PBXFileReference; fileEncoding = 4; lastKnownFileType = sourcecode.swift; path = CSGIntersection.swift; sourceTree = "<group>"; };
		68824B631BD43EE9005E1FCD /* CSGDifference.swift */ = {isa = PBXFileReference; fileEncoding = 4; lastKnownFileType = sourcecode.swift; path = CSGDifference.swift; sourceTree = "<group>"; };
		68824B661BD521F6005E1FCD /* CSGCube.swift */ = {isa = PBXFileReference; fileEncoding = 4; lastKnownFileType = sourcecode.swift; path = CSGCube.swift; sourceTree = "<group>"; };
		68824B691BD529EB005E1FCD /* CSGSphere.swift */ = {isa = PBXFileReference; fileEncoding = 4; lastKnownFileType = sourcecode.swift; path = CSGSphere.swift; sourceTree = "<group>"; };
		68824B6E1BD52B99005E1FCD /* CSGCylinder.swift */ = {isa = PBXFileReference; fileEncoding = 4; lastKnownFileType = sourcecode.swift; path = CSGCylinder.swift; sourceTree = "<group>"; };
		68824B771BD53FA0005E1FCD /* Voxel.swift */ = {isa = PBXFileReference; fileEncoding = 4; lastKnownFileType = sourcecode.swift; path = Voxel.swift; sourceTree = "<group>"; };
		68BB68AD1BD135E40059E84F /* OpenSCADCSGError.swift */ = {isa = PBXFileReference; fileEncoding = 4; lastKnownFileType = sourcecode.swift; path = OpenSCADCSGError.swift; sourceTree = "<group>"; };
		68BB68B01BD1360E0059E84F /* OpenSCADCSGToken.swift */ = {isa = PBXFileReference; fileEncoding = 4; lastKnownFileType = sourcecode.swift; path = OpenSCADCSGToken.swift; sourceTree = "<group>"; };
		68BB68B31BD136450059E84F /* OpenSCADCSGAST.swift */ = {isa = PBXFileReference; fileEncoding = 4; lastKnownFileType = sourcecode.swift; path = OpenSCADCSGAST.swift; sourceTree = "<group>"; };
		68BCD71F1BAEA78C0007BF8F /* Edge.swift */ = {isa = PBXFileReference; fileEncoding = 4; lastKnownFileType = sourcecode.swift; path = Edge.swift; sourceTree = "<group>"; };
		68BCD7211BB0A8480007BF8F /* TetrahedronMesh.swift */ = {isa = PBXFileReference; fileEncoding = 4; lastKnownFileType = sourcecode.swift; path = TetrahedronMesh.swift; sourceTree = "<group>"; };
		68BCD7231BB275A20007BF8F /* STLSaver.swift */ = {isa = PBXFileReference; fileEncoding = 4; lastKnownFileType = sourcecode.swift; path = STLSaver.swift; sourceTree = "<group>"; };
		68BCD7251BB2768F0007BF8F /* functions.swift */ = {isa = PBXFileReference; fileEncoding = 4; lastKnownFileType = sourcecode.swift; path = functions.swift; sourceTree = "<group>"; };
		68BCD7271BB2771C0007BF8F /* STLASCIIFormatter.swift */ = {isa = PBXFileReference; fileEncoding = 4; lastKnownFileType = sourcecode.swift; path = STLASCIIFormatter.swift; sourceTree = "<group>"; };
		68BE79261BC716BA00DEFE81 /* OpenSCADCSGGrammar.swift */ = {isa = PBXFileReference; fileEncoding = 4; lastKnownFileType = sourcecode.swift; path = OpenSCADCSGGrammar.swift; sourceTree = "<group>"; };
		68C207621BA074440007937D /* unique_array.swift */ = {isa = PBXFileReference; fileEncoding = 4; lastKnownFileType = sourcecode.swift; path = unique_array.swift; sourceTree = "<group>"; };
		68C207641BA09B000007937D /* string_extra.swift */ = {isa = PBXFileReference; fileEncoding = 4; lastKnownFileType = sourcecode.swift; path = string_extra.swift; sourceTree = "<group>"; };
		68CAE72C1B9E34C2001CB11F /* DimensionsCAM */ = {isa = PBXFileReference; explicitFileType = "compiled.mach-o.executable"; includeInIndex = 0; path = DimensionsCAM; sourceTree = BUILT_PRODUCTS_DIR; };
		68CAE72F1B9E34C2001CB11F /* main.swift */ = {isa = PBXFileReference; lastKnownFileType = sourcecode.swift; path = main.swift; sourceTree = "<group>"; };
		68D879471BB2FBD0006E5636 /* README.md */ = {isa = PBXFileReference; fileEncoding = 4; lastKnownFileType = net.daringfireball.markdown; path = README.md; sourceTree = SOURCE_ROOT; };
		68D879491BB47B41006E5636 /* FixedPoint.swift */ = {isa = PBXFileReference; fileEncoding = 4; lastKnownFileType = sourcecode.swift; path = FixedPoint.swift; sourceTree = "<group>"; };
		68D8794F1BB5CC2D006E5636 /* Vector3.swift */ = {isa = PBXFileReference; fileEncoding = 4; lastKnownFileType = sourcecode.swift; path = Vector3.swift; sourceTree = "<group>"; };
		68E39D5D1B9E36ED00FD2C55 /* STLLoader.swift */ = {isa = PBXFileReference; fileEncoding = 4; lastKnownFileType = sourcecode.swift; path = STLLoader.swift; sourceTree = "<group>"; };
		68E39D5F1B9E3B4E00FD2C55 /* TriangleMesh.swift */ = {isa = PBXFileReference; fileEncoding = 4; lastKnownFileType = sourcecode.swift; path = TriangleMesh.swift; sourceTree = "<group>"; };
		68E39D611B9E3CCB00FD2C55 /* STLASCIIParser.swift */ = {isa = PBXFileReference; fileEncoding = 4; lastKnownFileType = sourcecode.swift; path = STLASCIIParser.swift; sourceTree = "<group>"; };
		68E39D651B9E43E600FD2C55 /* Triangle.swift */ = {isa = PBXFileReference; fileEncoding = 4; lastKnownFileType = sourcecode.swift; path = Triangle.swift; sourceTree = "<group>"; };
		68EAC2B41BB722E500E1D855 /* CSet.swift */ = {isa = PBXFileReference; fileEncoding = 4; lastKnownFileType = sourcecode.swift; path = CSet.swift; sourceTree = "<group>"; };
		68EAC2B71BB8909200E1D855 /* CSGObject.swift */ = {isa = PBXFileReference; fileEncoding = 4; lastKnownFileType = sourcecode.swift; path = CSGObject.swift; sourceTree = "<group>"; };
		68EAC2B91BB8911800E1D855 /* CSGMatch.swift */ = {isa = PBXFileReference; fileEncoding = 4; lastKnownFileType = sourcecode.swift; path = CSGMatch.swift; sourceTree = "<group>"; };
		68EAC2BD1BB8A55500E1D855 /* CSGPrimative.swift */ = {isa = PBXFileReference; fileEncoding = 4; lastKnownFileType = sourcecode.swift; path = CSGPrimative.swift; sourceTree = "<group>"; };
		68EAC2C11BB9A2B200E1D855 /* Interval.swift */ = {isa = PBXFileReference; fileEncoding = 4; lastKnownFileType = sourcecode.swift; path = Interval.swift; sourceTree = "<group>"; };
		68EAC2C31BB9A9D900E1D855 /* double2_extra.swift */ = {isa = PBXFileReference; fileEncoding = 4; lastKnownFileType = sourcecode.swift; path = double2_extra.swift; sourceTree = "<group>"; };
		68EAC2C91BBB0EEA00E1D855 /* DimensionsCAMTests.xctest */ = {isa = PBXFileReference; explicitFileType = wrapper.cfbundle; includeInIndex = 0; path = DimensionsCAMTests.xctest; sourceTree = BUILT_PRODUCTS_DIR; };
		68EAC2CD1BBB0EEA00E1D855 /* Info.plist */ = {isa = PBXFileReference; lastKnownFileType = text.plist.xml; path = Info.plist; sourceTree = "<group>"; };
		68EAC2D11BBB111C00E1D855 /* Interval_tests.swift */ = {isa = PBXFileReference; fileEncoding = 4; lastKnownFileType = sourcecode.swift; path = Interval_tests.swift; sourceTree = "<group>"; };
		68EAC2D51BBB136F00E1D855 /* CollectionType_extra.swift */ = {isa = PBXFileReference; fileEncoding = 4; lastKnownFileType = sourcecode.swift; path = CollectionType_extra.swift; sourceTree = "<group>"; };
		68EAC2D71BBB139D00E1D855 /* protocols.swift */ = {isa = PBXFileReference; fileEncoding = 4; lastKnownFileType = sourcecode.swift; path = protocols.swift; sourceTree = "<group>"; };
/* End PBXFileReference section */

/* Begin PBXFrameworksBuildPhase section */
		68CAE7291B9E34C2001CB11F /* Frameworks */ = {
			isa = PBXFrameworksBuildPhase;
			buildActionMask = 2147483647;
			files = (
			);
			runOnlyForDeploymentPostprocessing = 0;
		};
		68EAC2C61BBB0EEA00E1D855 /* Frameworks */ = {
			isa = PBXFrameworksBuildPhase;
			buildActionMask = 2147483647;
			files = (
			);
			runOnlyForDeploymentPostprocessing = 0;
		};
/* End PBXFrameworksBuildPhase section */

/* Begin PBXGroup section */
		68824B6C1BD529F2005E1FCD /* Operations */ = {
			isa = PBXGroup;
			children = (
				68824B5A1BD43E46005E1FCD /* CSGOperation.swift */,
				68824B5D1BD43EB0005E1FCD /* CSGUnion.swift */,
				68824B601BD43EC9005E1FCD /* CSGIntersection.swift */,
				68824B631BD43EE9005E1FCD /* CSGDifference.swift */,
			);
			name = Operations;
			sourceTree = "<group>";
		};
		68824B6D1BD529F8005E1FCD /* Primatives */ = {
			isa = PBXGroup;
			children = (
				68EAC2BD1BB8A55500E1D855 /* CSGPrimative.swift */,
				68824B661BD521F6005E1FCD /* CSGCube.swift */,
				68824B691BD529EB005E1FCD /* CSGSphere.swift */,
				68824B6E1BD52B99005E1FCD /* CSGCylinder.swift */,
			);
			name = Primatives;
			sourceTree = "<group>";
		};
		68824B751BD53E7A005E1FCD /* VoxelSpace */ = {
			isa = PBXGroup;
			children = (
				68824B771BD53FA0005E1FCD /* Voxel.swift */,
			);
			name = VoxelSpace;
			sourceTree = "<group>";
		};
		68BB68AC1BD135880059E84F /* OpenSCAD */ = {
			isa = PBXGroup;
			children = (
				68BB68AD1BD135E40059E84F /* OpenSCADCSGError.swift */,
				68BB68B01BD1360E0059E84F /* OpenSCADCSGToken.swift */,
				68BB68B31BD136450059E84F /* OpenSCADCSGAST.swift */,
				6877AB021BC07A6E00E6D80F /* OpenSCADCSGLexer.swift */,
				68BE79261BC716BA00DEFE81 /* OpenSCADCSGGrammar.swift */,
				6877AB0D1BC1332500E6D80F /* OpenSCADCSGParser.swift */,
				6877AB051BC117FD00E6D80F /* OpenSCADCSG_tests.swift */,
			);
			name = OpenSCAD;
			sourceTree = "<group>";
		};
		68CAE7231B9E34C2001CB11F = {
			isa = PBXGroup;
			children = (
				68CAE72E1B9E34C2001CB11F /* DimensionsCAM */,
				68EAC2CA1BBB0EEA00E1D855 /* DimensionsCAMTests */,
				68CAE72D1B9E34C2001CB11F /* Products */,
			);
			sourceTree = "<group>";
		};
		68CAE72D1B9E34C2001CB11F /* Products */ = {
			isa = PBXGroup;
			children = (
				68CAE72C1B9E34C2001CB11F /* DimensionsCAM */,
				68EAC2C91BBB0EEA00E1D855 /* DimensionsCAMTests.xctest */,
			);
			name = Products;
			sourceTree = "<group>";
		};
		68CAE72E1B9E34C2001CB11F /* DimensionsCAM */ = {
			isa = PBXGroup;
			children = (
				68EAC2DA1BBC80A100E1D855 /* Attic */,
				68D879451BB2FB08006E5636 /* Documentation */,
				68DAB6CE1B9F7C52008BA6F6 /* SimpleTypes */,
				68EAC2B61BB8907800E1D855 /* CSG */,
				68824B751BD53E7A005E1FCD /* VoxelSpace */,
				68BB68AC1BD135880059E84F /* OpenSCAD */,
				68E39D641B9E3E2200FD2C55 /* Model */,
				68CAE72F1B9E34C2001CB11F /* main.swift */,
			);
			path = DimensionsCAM;
			sourceTree = "<group>";
		};
		68D879451BB2FB08006E5636 /* Documentation */ = {
			isa = PBXGroup;
			children = (
				683E9E121BDD17DE0054E87D /* AUTHORS */,
				683E9E0B1BDD0C720054E87D /* COPYING */,
				683E9E0D1BDD0CBB0054E87D /* BOILERPLATE */,
				68D879471BB2FBD0006E5636 /* README.md */,
				683E9E0F1BDD0F9A0054E87D /* TODO.md */,
			);
			name = Documentation;
			sourceTree = "<group>";
		};
		68DAB6CE1B9F7C52008BA6F6 /* SimpleTypes */ = {
			isa = PBXGroup;
			children = (
				6866C3ED1BA86E7C0080F56A /* operators.swift */,
				68EAC2D71BBB139D00E1D855 /* protocols.swift */,
				687FADB31BA6C1BE00453203 /* double_extra.swift */,
				68EAC2C31BB9A9D900E1D855 /* double2_extra.swift */,
				687FADB11BA6C11700453203 /* int_extra.swift */,
				68C207641BA09B000007937D /* string_extra.swift */,
				68EAC2D51BBB136F00E1D855 /* CollectionType_extra.swift */,
				68BCD7251BB2768F0007BF8F /* functions.swift */,
				687FADAB1BA2140600453203 /* dictionary_extra.swift */,
				68C207621BA074440007937D /* unique_array.swift */,
				68EAC2B41BB722E500E1D855 /* CSet.swift */,
				68EAC2C11BB9A2B200E1D855 /* Interval.swift */,
				68EAC2D11BBB111C00E1D855 /* Interval_tests.swift */,
				6877AAFC1BC02CEF00E6D80F /* interval4.swift */,
				6877AAFE1BC0386500E6D80F /* double4_extra.swift */,
				6877AB001BC03E4600E6D80F /* double4x4_extra.swift */,
			);
			name = SimpleTypes;
			sourceTree = "<group>";
		};
		68E39D631B9E3E0B00FD2C55 /* STL */ = {
			isa = PBXGroup;
			children = (
				68E39D5D1B9E36ED00FD2C55 /* STLLoader.swift */,
				68BCD7231BB275A20007BF8F /* STLSaver.swift */,
				68E39D611B9E3CCB00FD2C55 /* STLASCIIParser.swift */,
				68BCD7271BB2771C0007BF8F /* STLASCIIFormatter.swift */,
			);
			name = STL;
			sourceTree = "<group>";
		};
		68E39D641B9E3E2200FD2C55 /* Model */ = {
			isa = PBXGroup;
			children = (
			);
			name = Model;
			sourceTree = "<group>";
		};
		68EAC2B61BB8907800E1D855 /* CSG */ = {
			isa = PBXGroup;
			children = (
				68EAC2B91BB8911800E1D855 /* CSGMatch.swift */,
				68EAC2B71BB8909200E1D855 /* CSGObject.swift */,
				683E9DE41BDAEC9E0054E87D /* CSG_tests.swift */,
				68824B6D1BD529F8005E1FCD /* Primatives */,
				68824B6C1BD529F2005E1FCD /* Operations */,
			);
			name = CSG;
			sourceTree = "<group>";
		};
		68EAC2CA1BBB0EEA00E1D855 /* DimensionsCAMTests */ = {
			isa = PBXGroup;
			children = (
				68EAC2CD1BBB0EEA00E1D855 /* Info.plist */,
			);
			path = DimensionsCAMTests;
			sourceTree = "<group>";
		};
		68EAC2DA1BBC80A100E1D855 /* Attic */ = {
			isa = PBXGroup;
			children = (
				68E39D631B9E3E0B00FD2C55 /* STL */,
				68D879491BB47B41006E5636 /* FixedPoint.swift */,
				68D8794F1BB5CC2D006E5636 /* Vector3.swift */,
				68E39D5F1B9E3B4E00FD2C55 /* TriangleMesh.swift */,
				68BCD7211BB0A8480007BF8F /* TetrahedronMesh.swift */,
				68E39D651B9E43E600FD2C55 /* Triangle.swift */,
				687FADAD1BA554DA00453203 /* Tetrahedron.swift */,
				68BCD71F1BAEA78C0007BF8F /* Edge.swift */,
			);
			name = Attic;
			sourceTree = "<group>";
		};
/* End PBXGroup section */

/* Begin PBXNativeTarget section */
		68CAE72B1B9E34C2001CB11F /* DimensionsCAM */ = {
			isa = PBXNativeTarget;
			buildConfigurationList = 68CAE7331B9E34C2001CB11F /* Build configuration list for PBXNativeTarget "DimensionsCAM" */;
			buildPhases = (
				68CAE7281B9E34C2001CB11F /* Sources */,
				68CAE7291B9E34C2001CB11F /* Frameworks */,
				68CAE72A1B9E34C2001CB11F /* CopyFiles */,
			);
			buildRules = (
			);
			dependencies = (
			);
			name = DimensionsCAM;
			productName = DimensionsCAM;
			productReference = 68CAE72C1B9E34C2001CB11F /* DimensionsCAM */;
			productType = "com.apple.product-type.tool";
		};
		68EAC2C81BBB0EEA00E1D855 /* DimensionsCAMTests */ = {
			isa = PBXNativeTarget;
			buildConfigurationList = 68EAC2CE1BBB0EEA00E1D855 /* Build configuration list for PBXNativeTarget "DimensionsCAMTests" */;
			buildPhases = (
				68EAC2C51BBB0EEA00E1D855 /* Sources */,
				68EAC2C61BBB0EEA00E1D855 /* Frameworks */,
				68EAC2C71BBB0EEA00E1D855 /* Resources */,
			);
			buildRules = (
			);
			dependencies = (
			);
			name = DimensionsCAMTests;
			productName = DimensionsCAMTests;
			productReference = 68EAC2C91BBB0EEA00E1D855 /* DimensionsCAMTests.xctest */;
			productType = "com.apple.product-type.bundle.unit-test";
		};
/* End PBXNativeTarget section */

/* Begin PBXProject section */
		68CAE7241B9E34C2001CB11F /* Project object */ = {
			isa = PBXProject;
			attributes = {
				LastSwiftUpdateCheck = 0710;
				LastUpgradeCheck = 0700;
				ORGANIZATIONNAME = VOSGAMES;
				TargetAttributes = {
					68CAE72B1B9E34C2001CB11F = {
						CreatedOnToolsVersion = 7.0;
					};
					68EAC2C81BBB0EEA00E1D855 = {
						CreatedOnToolsVersion = 7.1;
					};
				};
			};
			buildConfigurationList = 68CAE7271B9E34C2001CB11F /* Build configuration list for PBXProject "DimensionsCAM" */;
			compatibilityVersion = "Xcode 3.2";
			developmentRegion = English;
			hasScannedForEncodings = 0;
			knownRegions = (
				en,
			);
			mainGroup = 68CAE7231B9E34C2001CB11F;
			productRefGroup = 68CAE72D1B9E34C2001CB11F /* Products */;
			projectDirPath = "";
			projectRoot = "";
			targets = (
				68CAE72B1B9E34C2001CB11F /* DimensionsCAM */,
				68EAC2C81BBB0EEA00E1D855 /* DimensionsCAMTests */,
			);
		};
/* End PBXProject section */

/* Begin PBXResourcesBuildPhase section */
		68EAC2C71BBB0EEA00E1D855 /* Resources */ = {
			isa = PBXResourcesBuildPhase;
			buildActionMask = 2147483647;
			files = (
				683E9E0E1BDD0CBB0054E87D /* BOILERPLATE in Resources */,
				683E9E131BDD17DE0054E87D /* AUTHORS in Resources */,
			);
			runOnlyForDeploymentPostprocessing = 0;
		};
/* End PBXResourcesBuildPhase section */

/* Begin PBXSourcesBuildPhase section */
		68CAE7281B9E34C2001CB11F /* Sources */ = {
			isa = PBXSourcesBuildPhase;
			buildActionMask = 2147483647;
			files = (
				68824B641BD43EE9005E1FCD /* CSGDifference.swift in Sources */,
				683E9E101BDD0F9A0054E87D /* TODO.md in Sources */,
				6877AB031BC07A6E00E6D80F /* OpenSCADCSGLexer.swift in Sources */,
				6877AB0E1BC1332500E6D80F /* OpenSCADCSGParser.swift in Sources */,
				68C207631BA074440007937D /* unique_array.swift in Sources */,
				68BB68B41BD136450059E84F /* OpenSCADCSGAST.swift in Sources */,
				68EAC2B81BB8909200E1D855 /* CSGObject.swift in Sources */,
				68824B5B1BD43E46005E1FCD /* CSGOperation.swift in Sources */,
				68EAC2BE1BB8A55500E1D855 /* CSGPrimative.swift in Sources */,
				68824B781BD53FA0005E1FCD /* Voxel.swift in Sources */,
				68824B611BD43EC9005E1FCD /* CSGIntersection.swift in Sources */,
				68EAC2C21BB9A2B200E1D855 /* Interval.swift in Sources */,
				68824B671BD521F6005E1FCD /* CSGCube.swift in Sources */,
				687FADB21BA6C11700453203 /* int_extra.swift in Sources */,
				687FADAC1BA2140600453203 /* dictionary_extra.swift in Sources */,
				6866C3EE1BA86E7C0080F56A /* operators.swift in Sources */,
				68824B6A1BD529EB005E1FCD /* CSGSphere.swift in Sources */,
				6877AAFD1BC02CEF00E6D80F /* interval4.swift in Sources */,
				6877AB011BC03E4600E6D80F /* double4x4_extra.swift in Sources */,
				68CAE7301B9E34C2001CB11F /* main.swift in Sources */,
				68EAC2BA1BB8911800E1D855 /* CSGMatch.swift in Sources */,
				68BB68AE1BD135E40059E84F /* OpenSCADCSGError.swift in Sources */,
				68EAC2D81BBB139D00E1D855 /* protocols.swift in Sources */,
				68EAC2B51BB722E500E1D855 /* CSet.swift in Sources */,
				68BCD7261BB2768F0007BF8F /* functions.swift in Sources */,
				6877AAFF1BC0386500E6D80F /* double4_extra.swift in Sources */,
				68EAC2C41BB9A9D900E1D855 /* double2_extra.swift in Sources */,
				68EAC2D61BBB136F00E1D855 /* CollectionType_extra.swift in Sources */,
				68BE79271BC716BA00DEFE81 /* OpenSCADCSGGrammar.swift in Sources */,
				687FADB41BA6C1BE00453203 /* double_extra.swift in Sources */,
				68BB68B11BD1360E0059E84F /* OpenSCADCSGToken.swift in Sources */,
				68C207651BA09B000007937D /* string_extra.swift in Sources */,
				68824B6F1BD52B99005E1FCD /* CSGCylinder.swift in Sources */,
				68824B5E1BD43EB0005E1FCD /* CSGUnion.swift in Sources */,
			);
			runOnlyForDeploymentPostprocessing = 0;
		};
		68EAC2C51BBB0EEA00E1D855 /* Sources */ = {
			isa = PBXSourcesBuildPhase;
			buildActionMask = 2147483647;
			files = (
				683E9DFA1BDB0AF80054E87D /* CSGMatch.swift in Sources */,
				683E9DFB1BDB0AF80054E87D /* CSGObject.swift in Sources */,
				683E9DFC1BDB0AF80054E87D /* CSGPrimative.swift in Sources */,
				683E9DFD1BDB0AF80054E87D /* CSGCube.swift in Sources */,
				683E9DFE1BDB0AF80054E87D /* CSGSphere.swift in Sources */,
				683E9DFF1BDB0AF80054E87D /* CSGCylinder.swift in Sources */,
				683E9E001BDB0AF80054E87D /* CSGOperation.swift in Sources */,
				683E9E011BDB0AF80054E87D /* CSGUnion.swift in Sources */,
				683E9E021BDB0AF80054E87D /* CSGIntersection.swift in Sources */,
				683E9E031BDB0AF80054E87D /* CSGDifference.swift in Sources */,
				683E9E041BDB0AF80054E87D /* Voxel.swift in Sources */,
				683E9E051BDB0AF80054E87D /* OpenSCADCSGError.swift in Sources */,
				683E9E061BDB0AF80054E87D /* OpenSCADCSGToken.swift in Sources */,
				683E9E071BDB0AF80054E87D /* OpenSCADCSGAST.swift in Sources */,
				683E9E081BDB0AF80054E87D /* OpenSCADCSGLexer.swift in Sources */,
				683E9E091BDB0AF80054E87D /* OpenSCADCSGGrammar.swift in Sources */,
				683E9E0A1BDB0AF80054E87D /* OpenSCADCSGParser.swift in Sources */,
				683E9DEB1BDB0AE10054E87D /* operators.swift in Sources */,
				683E9DEC1BDB0AE10054E87D /* protocols.swift in Sources */,
				683E9DED1BDB0AE10054E87D /* double_extra.swift in Sources */,
				683E9DEE1BDB0AE10054E87D /* double2_extra.swift in Sources */,
				683E9DEF1BDB0AE10054E87D /* int_extra.swift in Sources */,
				683E9DF01BDB0AE10054E87D /* string_extra.swift in Sources */,
				683E9DF11BDB0AE10054E87D /* CollectionType_extra.swift in Sources */,
				683E9DF21BDB0AE10054E87D /* functions.swift in Sources */,
				683E9E111BDD0F9A0054E87D /* TODO.md in Sources */,
				683E9DF31BDB0AE10054E87D /* dictionary_extra.swift in Sources */,
				683E9DF41BDB0AE10054E87D /* unique_array.swift in Sources */,
				683E9DF51BDB0AE10054E87D /* CSet.swift in Sources */,
				683E9DF61BDB0AE10054E87D /* Interval.swift in Sources */,
				683E9DF71BDB0AE10054E87D /* interval4.swift in Sources */,
				683E9DF81BDB0AE10054E87D /* double4_extra.swift in Sources */,
				683E9DF91BDB0AE10054E87D /* double4x4_extra.swift in Sources */,
				68EAC2D21BBB111C00E1D855 /* Interval_tests.swift in Sources */,
				683E9DE71BDB05450054E87D /* CSG_tests.swift in Sources */,
				6877AB071BC1188800E6D80F /* OpenSCADCSG_tests.swift in Sources */,
			);
			runOnlyForDeploymentPostprocessing = 0;
		};
/* End PBXSourcesBuildPhase section */

/* Begin XCBuildConfiguration section */
		68CAE7311B9E34C2001CB11F /* Debug */ = {
			isa = XCBuildConfiguration;
			buildSettings = {
				ALWAYS_SEARCH_USER_PATHS = NO;
				CLANG_CXX_LANGUAGE_STANDARD = "gnu++0x";
				CLANG_CXX_LIBRARY = "libc++";
				CLANG_ENABLE_MODULES = YES;
				CLANG_ENABLE_OBJC_ARC = YES;
				CLANG_WARN_BOOL_CONVERSION = YES;
				CLANG_WARN_CONSTANT_CONVERSION = YES;
				CLANG_WARN_DIRECT_OBJC_ISA_USAGE = YES_ERROR;
				CLANG_WARN_EMPTY_BODY = YES;
				CLANG_WARN_ENUM_CONVERSION = YES;
				CLANG_WARN_INT_CONVERSION = YES;
				CLANG_WARN_OBJC_ROOT_CLASS = YES_ERROR;
				CLANG_WARN_UNREACHABLE_CODE = YES;
				CLANG_WARN__DUPLICATE_METHOD_MATCH = YES;
				COPY_PHASE_STRIP = NO;
				DEBUG_INFORMATION_FORMAT = dwarf;
				ENABLE_STRICT_OBJC_MSGSEND = YES;
				ENABLE_TESTABILITY = YES;
				GCC_C_LANGUAGE_STANDARD = gnu99;
				GCC_DYNAMIC_NO_PIC = NO;
				GCC_NO_COMMON_BLOCKS = YES;
				GCC_OPTIMIZATION_LEVEL = 0;
				GCC_PREPROCESSOR_DEFINITIONS = (
					"DEBUG=1",
					"$(inherited)",
				);
				GCC_WARN_64_TO_32_BIT_CONVERSION = YES;
				GCC_WARN_ABOUT_RETURN_TYPE = YES_ERROR;
				GCC_WARN_UNDECLARED_SELECTOR = YES;
				GCC_WARN_UNINITIALIZED_AUTOS = YES_AGGRESSIVE;
				GCC_WARN_UNUSED_FUNCTION = YES;
				GCC_WARN_UNUSED_VARIABLE = YES;
				MACOSX_DEPLOYMENT_TARGET = 10.11;
				MTL_ENABLE_DEBUG_INFO = YES;
				ONLY_ACTIVE_ARCH = YES;
				SDKROOT = macosx;
				SWIFT_OPTIMIZATION_LEVEL = "-Onone";
			};
			name = Debug;
		};
		68CAE7321B9E34C2001CB11F /* Release */ = {
			isa = XCBuildConfiguration;
			buildSettings = {
				ALWAYS_SEARCH_USER_PATHS = NO;
				CLANG_CXX_LANGUAGE_STANDARD = "gnu++0x";
				CLANG_CXX_LIBRARY = "libc++";
				CLANG_ENABLE_MODULES = YES;
				CLANG_ENABLE_OBJC_ARC = YES;
				CLANG_WARN_BOOL_CONVERSION = YES;
				CLANG_WARN_CONSTANT_CONVERSION = YES;
				CLANG_WARN_DIRECT_OBJC_ISA_USAGE = YES_ERROR;
				CLANG_WARN_EMPTY_BODY = YES;
				CLANG_WARN_ENUM_CONVERSION = YES;
				CLANG_WARN_INT_CONVERSION = YES;
				CLANG_WARN_OBJC_ROOT_CLASS = YES_ERROR;
				CLANG_WARN_UNREACHABLE_CODE = YES;
				CLANG_WARN__DUPLICATE_METHOD_MATCH = YES;
				COPY_PHASE_STRIP = NO;
				DEBUG_INFORMATION_FORMAT = "dwarf-with-dsym";
				ENABLE_NS_ASSERTIONS = NO;
				ENABLE_STRICT_OBJC_MSGSEND = YES;
				GCC_C_LANGUAGE_STANDARD = gnu99;
				GCC_NO_COMMON_BLOCKS = YES;
				GCC_WARN_64_TO_32_BIT_CONVERSION = YES;
				GCC_WARN_ABOUT_RETURN_TYPE = YES_ERROR;
				GCC_WARN_UNDECLARED_SELECTOR = YES;
				GCC_WARN_UNINITIALIZED_AUTOS = YES_AGGRESSIVE;
				GCC_WARN_UNUSED_FUNCTION = YES;
				GCC_WARN_UNUSED_VARIABLE = YES;
				MACOSX_DEPLOYMENT_TARGET = 10.11;
				MTL_ENABLE_DEBUG_INFO = NO;
				SDKROOT = macosx;
			};
			name = Release;
		};
		68CAE7341B9E34C2001CB11F /* Debug */ = {
			isa = XCBuildConfiguration;
			buildSettings = {
				PRODUCT_NAME = "$(TARGET_NAME)";
			};
			name = Debug;
		};
		68CAE7351B9E34C2001CB11F /* Release */ = {
			isa = XCBuildConfiguration;
			buildSettings = {
				PRODUCT_NAME = "$(TARGET_NAME)";
			};
			name = Release;
		};
		68EAC2CF1BBB0EEA00E1D855 /* Debug */ = {
			isa = XCBuildConfiguration;
			buildSettings = {
				CODE_SIGN_IDENTITY = "-";
				COMBINE_HIDPI_IMAGES = YES;
				INFOPLIST_FILE = DimensionsCAMTests/Info.plist;
				LD_RUNPATH_SEARCH_PATHS = "$(inherited) @executable_path/../Frameworks @loader_path/../Frameworks";
				PRODUCT_BUNDLE_IDENTIFIER = nl.vosgames.DimensionsCAMTests;
				PRODUCT_NAME = "$(TARGET_NAME)";
			};
			name = Debug;
		};
		68EAC2D01BBB0EEA00E1D855 /* Release */ = {
			isa = XCBuildConfiguration;
			buildSettings = {
				CODE_SIGN_IDENTITY = "-";
				COMBINE_HIDPI_IMAGES = YES;
				INFOPLIST_FILE = DimensionsCAMTests/Info.plist;
				LD_RUNPATH_SEARCH_PATHS = "$(inherited) @executable_path/../Frameworks @loader_path/../Frameworks";
				PRODUCT_BUNDLE_IDENTIFIER = nl.vosgames.DimensionsCAMTests;
				PRODUCT_NAME = "$(TARGET_NAME)";
			};
			name = Release;
		};
/* End XCBuildConfiguration section */

/* Begin XCConfigurationList section */
		68CAE7271B9E34C2001CB11F /* Build configuration list for PBXProject "DimensionsCAM" */ = {
			isa = XCConfigurationList;
			buildConfigurations = (
				68CAE7311B9E34C2001CB11F /* Debug */,
				68CAE7321B9E34C2001CB11F /* Release */,
			);
			defaultConfigurationIsVisible = 0;
			defaultConfigurationName = Release;
		};
		68CAE7331B9E34C2001CB11F /* Build configuration list for PBXNativeTarget "DimensionsCAM" */ = {
			isa = XCConfigurationList;
			buildConfigurations = (
				68CAE7341B9E34C2001CB11F /* Debug */,
				68CAE7351B9E34C2001CB11F /* Release */,
			);
			defaultConfigurationIsVisible = 0;
			defaultConfigurationName = Release;
		};
		68EAC2CE1BBB0EEA00E1D855 /* Build configuration list for PBXNativeTarget "DimensionsCAMTests" */ = {
			isa = XCConfigurationList;
			buildConfigurations = (
				68EAC2CF1BBB0EEA00E1D855 /* Debug */,
				68EAC2D01BBB0EEA00E1D855 /* Release */,
			);
			defaultConfigurationIsVisible = 0;
			defaultConfigurationName = Release;
		};
/* End XCConfigurationList section */
	};
	rootObject = 68CAE7241B9E34C2001CB11F /* Project object */;
}
